
Microsoft Visual Studio Solution File, Format Version 12.00
# Visual Studio Version 17
VisualStudioVersion = 17.13.35825.156 d17.13
MinimumVisualStudioVersion = 10.0.40219.1
Project("{FAE04EC0-301F-11D3-BF4B-00C04F79EFBC}") = "ToDolistApplication", "ToDolistApplication\ToDolistApplication.csproj", "{930FCD18-A864-47DA-92AC-B06745C4C1A9}"
EndProject
Global
	GlobalSection(SolutionConfigurationPlatforms) = preSolution
		Debug|Any CPU = Debug|Any CPU
		Release|Any CPU = Release|Any CPU
	EndGlobalSection
	GlobalSection(ProjectConfigurationPlatforms) = postSolution
		{930FCD18-A864-47DA-92AC-B06745C4C1A9}.Debug|Any CPU.ActiveCfg = Debug|Any CPU
		{930FCD18-A864-47DA-92AC-B06745C4C1A9}.Debug|Any CPU.Build.0 = Debug|Any CPU
		{930FCD18-A864-47DA-92AC-B06745C4C1A9}.Release|Any CPU.ActiveCfg = Release|Any CPU
		{930FCD18-A864-47DA-92AC-B06745C4C1A9}.Release|Any CPU.Build.0 = Release|Any CPU
	EndGlobalSection
	GlobalSection(SolutionProperties) = preSolution
		HideSolutionNode = FALSE
	EndGlobalSection
	GlobalSection(ExtensibilityGlobals) = postSolution
		SolutionGuid = {F136FC4B-B387-4DD2-BF03-99BECC1FDC86}
	EndGlobalSection
EndGlobal
